
Microsoft Visual Studio Solution File, Format Version 12.00
# Visual Studio Version 17
VisualStudioVersion = 17.3.32901.215
MinimumVisualStudioVersion = 10.0.40219.1
Project("{FAE04EC0-301F-11D3-BF4B-00C04F79EFBC}") = "Mili_jonerzy", "Mili_jonerzy.csproj", "{16AF4320-886E-49C0-997F-5274491CFCB3}"
EndProject
Global
	GlobalSection(SolutionConfigurationPlatforms) = preSolution
		Debug|Any CPU = Debug|Any CPU
		Release|Any CPU = Release|Any CPU
	EndGlobalSection
	GlobalSection(ProjectConfigurationPlatforms) = postSolution
		{16AF4320-886E-49C0-997F-5274491CFCB3}.Debug|Any CPU.ActiveCfg = Debug|Any CPU
		{16AF4320-886E-49C0-997F-5274491CFCB3}.Debug|Any CPU.Build.0 = Debug|Any CPU
		{16AF4320-886E-49C0-997F-5274491CFCB3}.Release|Any CPU.ActiveCfg = Release|Any CPU
		{16AF4320-886E-49C0-997F-5274491CFCB3}.Release|Any CPU.Build.0 = Release|Any CPU
	EndGlobalSection
	GlobalSection(SolutionProperties) = preSolution
		HideSolutionNode = FALSE
	EndGlobalSection
	GlobalSection(ExtensibilityGlobals) = postSolution
		SolutionGuid = {8DAE9A0F-52CB-4473-BD45-122689DFA3A2}
	EndGlobalSection
EndGlobal
